
Microsoft Visual Studio Solution File, Format Version 11.00
# Visual Studio 2010
Project("{FAE04EC0-301F-11D3-BF4B-00C04F79EFBC}") = "Assembly-CSharp", "Assembly-CSharp.csproj", "{4C14DD74-C7A9-5BA5-F31A-8DB8DE273B2E}"
EndProject
Global
	GlobalSection(SolutionConfigurationPlatforms) = preSolution
		Debug|Any CPU = Debug|Any CPU
		Release|Any CPU = Release|Any CPU
	EndGlobalSection
	GlobalSection(ProjectConfigurationPlatforms) = postSolution
		{4C14DD74-C7A9-5BA5-F31A-8DB8DE273B2E}.Debug|Any CPU.ActiveCfg = Debug|Any CPU
		{4C14DD74-C7A9-5BA5-F31A-8DB8DE273B2E}.Debug|Any CPU.Build.0 = Debug|Any CPU
		{4C14DD74-C7A9-5BA5-F31A-8DB8DE273B2E}.Release|Any CPU.ActiveCfg = Release|Any CPU
		{4C14DD74-C7A9-5BA5-F31A-8DB8DE273B2E}.Release|Any CPU.Build.0 = Release|Any CPU
	EndGlobalSection
	GlobalSection(SolutionProperties) = preSolution
		HideSolutionNode = FALSE
	EndGlobalSection
EndGlobal
